
Microsoft Visual Studio Solution File, Format Version 12.00
# Visual Studio 15
VisualStudioVersion = 15.0.28307.645
MinimumVisualStudioVersion = 10.0.40219.1
Project("{8BC9CEB8-8B4A-11D0-8D11-00A0C91BC942}") = "Stack", "Stack\Stack.vcxproj", "{EBBEB6A5-2BB6-44B2-8544-8DF9F7EF82FA}"
EndProject
Global
	GlobalSection(SolutionConfigurationPlatforms) = preSolution
		Debug|x64 = Debug|x64
		Debug|x86 = Debug|x86
		Release|x64 = Release|x64
		Release|x86 = Release|x86
	EndGlobalSection
	GlobalSection(ProjectConfigurationPlatforms) = postSolution
		{EBBEB6A5-2BB6-44B2-8544-8DF9F7EF82FA}.Debug|x64.ActiveCfg = Debug|x64
		{EBBEB6A5-2BB6-44B2-8544-8DF9F7EF82FA}.Debug|x64.Build.0 = Debug|x64
		{EBBEB6A5-2BB6-44B2-8544-8DF9F7EF82FA}.Debug|x86.ActiveCfg = Debug|Win32
		{EBBEB6A5-2BB6-44B2-8544-8DF9F7EF82FA}.Debug|x86.Build.0 = Debug|Win32
		{EBBEB6A5-2BB6-44B2-8544-8DF9F7EF82FA}.Release|x64.ActiveCfg = Release|x64
		{EBBEB6A5-2BB6-44B2-8544-8DF9F7EF82FA}.Release|x64.Build.0 = Release|x64
		{EBBEB6A5-2BB6-44B2-8544-8DF9F7EF82FA}.Release|x86.ActiveCfg = Release|Win32
		{EBBEB6A5-2BB6-44B2-8544-8DF9F7EF82FA}.Release|x86.Build.0 = Release|Win32
	EndGlobalSection
	GlobalSection(SolutionProperties) = preSolution
		HideSolutionNode = FALSE
	EndGlobalSection
	GlobalSection(ExtensibilityGlobals) = postSolution
		SolutionGuid = {F8F6B38A-0ACB-44E8-A8FA-F9B164FCDCF2}
	EndGlobalSection
EndGlobal
